
Microsoft Visual Studio Solution File, Format Version 12.00
# Visual Studio Version 17
VisualStudioVersion = 17.14.36414.22 d17.14
MinimumVisualStudioVersion = 10.0.40219.1
Project("{FAE04EC0-301F-11D3-BF4B-00C04F79EFBC}") = "TASK_1", "TASK_1.csproj", "{78943E46-7604-4130-B48E-47AD85861FA2}"
EndProject
Global
	GlobalSection(SolutionConfigurationPlatforms) = preSolution
		Debug|Any CPU = Debug|Any CPU
		Release|Any CPU = Release|Any CPU
	EndGlobalSection
	GlobalSection(ProjectConfigurationPlatforms) = postSolution
		{78943E46-7604-4130-B48E-47AD85861FA2}.Debug|Any CPU.ActiveCfg = Debug|Any CPU
		{78943E46-7604-4130-B48E-47AD85861FA2}.Debug|Any CPU.Build.0 = Debug|Any CPU
		{78943E46-7604-4130-B48E-47AD85861FA2}.Release|Any CPU.ActiveCfg = Release|Any CPU
		{78943E46-7604-4130-B48E-47AD85861FA2}.Release|Any CPU.Build.0 = Release|Any CPU
	EndGlobalSection
	GlobalSection(SolutionProperties) = preSolution
		HideSolutionNode = FALSE
	EndGlobalSection
	GlobalSection(ExtensibilityGlobals) = postSolution
		SolutionGuid = {846C0416-08C5-4D4B-8DB3-80A7E314ED2E}
	EndGlobalSection
EndGlobal
